
Microsoft Visual Studio Solution File, Format Version 12.00
# Visual Studio Version 16
VisualStudioVersion = 16.0.32413.511
MinimumVisualStudioVersion = 10.0.40219.1
Project("{FAE04EC0-301F-11D3-BF4B-00C04F79EFBC}") = "Viikko 1 tehtävä", "Viikko 1 tehtävä\Viikko 1 tehtävä.csproj", "{05749430-3E06-4124-BCB4-CC430F624A9F}"
EndProject
Global
	GlobalSection(SolutionConfigurationPlatforms) = preSolution
		Debug|Any CPU = Debug|Any CPU
		Release|Any CPU = Release|Any CPU
	EndGlobalSection
	GlobalSection(ProjectConfigurationPlatforms) = postSolution
		{05749430-3E06-4124-BCB4-CC430F624A9F}.Debug|Any CPU.ActiveCfg = Debug|Any CPU
		{05749430-3E06-4124-BCB4-CC430F624A9F}.Debug|Any CPU.Build.0 = Debug|Any CPU
		{05749430-3E06-4124-BCB4-CC430F624A9F}.Release|Any CPU.ActiveCfg = Release|Any CPU
		{05749430-3E06-4124-BCB4-CC430F624A9F}.Release|Any CPU.Build.0 = Release|Any CPU
	EndGlobalSection
	GlobalSection(SolutionProperties) = preSolution
		HideSolutionNode = FALSE
	EndGlobalSection
	GlobalSection(ExtensibilityGlobals) = postSolution
		SolutionGuid = {5E94B5E7-4C98-4B2E-BDB7-77B3EF9D0A0B}
	EndGlobalSection
EndGlobal
